// !$*UTF8*$!
{
	archiveVersion = 1;
	classes = {
	};
	objectVersion = 56;
	objects = {

/* Begin PBXBuildFile section */
		0954BAA22B1DB8B6008B36AB /* AppDelegate.swift in Sources */ = {isa = PBXBuildFile; fileRef = 0954BAA12B1DB8B6008B36AB /* AppDelegate.swift */; };
		0954BAA42B1DB8B6008B36AB /* SceneDelegate.swift in Sources */ = {isa = PBXBuildFile; fileRef = 0954BAA32B1DB8B6008B36AB /* SceneDelegate.swift */; };
		0954BAAC2B1DB8B6008B36AB /* SearchApp.xcdatamodeld in Sources */ = {isa = PBXBuildFile; fileRef = 0954BAAA2B1DB8B6008B36AB /* SearchApp.xcdatamodeld */; };
		0954BAAE2B1DB8B7008B36AB /* Assets.xcassets in Resources */ = {isa = PBXBuildFile; fileRef = 0954BAAD2B1DB8B7008B36AB /* Assets.xcassets */; };
		0954BAB12B1DB8B7008B36AB /* LaunchScreen.storyboard in Resources */ = {isa = PBXBuildFile; fileRef = 0954BAAF2B1DB8B7008B36AB /* LaunchScreen.storyboard */; };
		0954BABC2B1DB8B7008B36AB /* SearchAppTests.swift in Sources */ = {isa = PBXBuildFile; fileRef = 0954BABB2B1DB8B7008B36AB /* SearchAppTests.swift */; };
		0954BAC62B1DB8B7008B36AB /* SearchAppUITests.swift in Sources */ = {isa = PBXBuildFile; fileRef = 0954BAC52B1DB8B7008B36AB /* SearchAppUITests.swift */; };
		0954BAC82B1DB8B7008B36AB /* SearchAppUITestsLaunchTests.swift in Sources */ = {isa = PBXBuildFile; fileRef = 0954BAC72B1DB8B7008B36AB /* SearchAppUITestsLaunchTests.swift */; };
		0954BAD92B1DC143008B36AB /* APIService.swift in Sources */ = {isa = PBXBuildFile; fileRef = 0954BAD82B1DC143008B36AB /* APIService.swift */; };
		0954BADB2B1DC21D008B36AB /* APIError.swift in Sources */ = {isa = PBXBuildFile; fileRef = 0954BADA2B1DC21D008B36AB /* APIError.swift */; };
		0954BADD2B1DC27B008B36AB /* URLEndPoint.swift in Sources */ = {isa = PBXBuildFile; fileRef = 0954BADC2B1DC27B008B36AB /* URLEndPoint.swift */; };
		0954BADF2B1DC2A8008B36AB /* Extension.swift in Sources */ = {isa = PBXBuildFile; fileRef = 0954BADE2B1DC2A8008B36AB /* Extension.swift */; };
		0954BAE22B1DC465008B36AB /* Meta.swift in Sources */ = {isa = PBXBuildFile; fileRef = 0954BAE12B1DC465008B36AB /* Meta.swift */; };
		0954BAE42B1DC55C008B36AB /* WebSearch.swift in Sources */ = {isa = PBXBuildFile; fileRef = 0954BAE32B1DC55B008B36AB /* WebSearch.swift */; };
		0954BAE62B1DC58A008B36AB /* VideoSearch.swift in Sources */ = {isa = PBXBuildFile; fileRef = 0954BAE52B1DC58A008B36AB /* VideoSearch.swift */; };
		0954BAE82B1DC5CA008B36AB /* ImageSearch.swift in Sources */ = {isa = PBXBuildFile; fileRef = 0954BAE72B1DC5CA008B36AB /* ImageSearch.swift */; };
		0954BAEC2B1DDB8D008B36AB /* SuggestionXMLParser.swift in Sources */ = {isa = PBXBuildFile; fileRef = 0954BAEB2B1DDB8D008B36AB /* SuggestionXMLParser.swift */; };
		0954BAEE2B1DDCDE008B36AB /* Suggestion.swift in Sources */ = {isa = PBXBuildFile; fileRef = 0954BAED2B1DDCDE008B36AB /* Suggestion.swift */; };
		0954BAF12B1DEEE5008B36AB /* CoreDataManager.swift in Sources */ = {isa = PBXBuildFile; fileRef = 0954BAF02B1DEEE5008B36AB /* CoreDataManager.swift */; };
		0954BAF32B1F0F99008B36AB /* ApplicationCoordinator.swift in Sources */ = {isa = PBXBuildFile; fileRef = 0954BAF22B1F0F99008B36AB /* ApplicationCoordinator.swift */; };
		0954BAF62B1F0FDF008B36AB /* MainCoordinator.swift in Sources */ = {isa = PBXBuildFile; fileRef = 0954BAF52B1F0FDF008B36AB /* MainCoordinator.swift */; };
		0954BAF82B1F1055008B36AB /* Coordinator.swift in Sources */ = {isa = PBXBuildFile; fileRef = 0954BAF72B1F1055008B36AB /* Coordinator.swift */; };
		0970CA2B2B2304C100EBB434 /* SearchViewController.swift in Sources */ = {isa = PBXBuildFile; fileRef = 0970CA2A2B2304C100EBB434 /* SearchViewController.swift */; };
		0970CA2E2B23050F00EBB434 /* SearchViewModel.swift in Sources */ = {isa = PBXBuildFile; fileRef = 0970CA2D2B23050F00EBB434 /* SearchViewModel.swift */; };
		0970CA302B23580100EBB434 /* WebResultViewController.swift in Sources */ = {isa = PBXBuildFile; fileRef = 0970CA2F2B23580100EBB434 /* WebResultViewController.swift */; };
		0970CA3E2B2C708300EBB434 /* SuggestionViewController.swift in Sources */ = {isa = PBXBuildFile; fileRef = 0970CA3D2B2C708300EBB434 /* SuggestionViewController.swift */; };
		0970CA402B2C709800EBB434 /* ImageResultViewController.swift in Sources */ = {isa = PBXBuildFile; fileRef = 0970CA3F2B2C709800EBB434 /* ImageResultViewController.swift */; };
		0970CA422B2C70A400EBB434 /* VideoResultViewController.swift in Sources */ = {isa = PBXBuildFile; fileRef = 0970CA412B2C70A400EBB434 /* VideoResultViewController.swift */; };
		0970CA4C2B319B1E00EBB434 /* MoreButtonView.swift in Sources */ = {isa = PBXBuildFile; fileRef = 0970CA4B2B319B1E00EBB434 /* MoreButtonView.swift */; };
		0970CA502B44643100EBB434 /* ErrorViewController.swift in Sources */ = {isa = PBXBuildFile; fileRef = 0970CA4F2B44643100EBB434 /* ErrorViewController.swift */; };
		0970CA552B46F23100EBB434 /* WebResultViewModel.swift in Sources */ = {isa = PBXBuildFile; fileRef = 0970CA542B46F23100EBB434 /* WebResultViewModel.swift */; };
		0970CA572B4700B600EBB434 /* ImageResultViewModel.swift in Sources */ = {isa = PBXBuildFile; fileRef = 0970CA562B4700B600EBB434 /* ImageResultViewModel.swift */; };
		0970CA592B47010000EBB434 /* VideoResultViewModel.swift in Sources */ = {isa = PBXBuildFile; fileRef = 0970CA582B47010000EBB434 /* VideoResultViewModel.swift */; };
		0970CA5D2B48152C00EBB434 /* CollectionViewCell.swift in Sources */ = {isa = PBXBuildFile; fileRef = 0970CA5C2B48152C00EBB434 /* CollectionViewCell.swift */; };
		0970CA812B4D746600EBB434 /* CollectionCellViewModel.swift in Sources */ = {isa = PBXBuildFile; fileRef = 0970CA802B4D746600EBB434 /* CollectionCellViewModel.swift */; };
		0970CA842B4E4EE300EBB434 /* DetailWebViewController.swift in Sources */ = {isa = PBXBuildFile; fileRef = 0970CA832B4E4EE300EBB434 /* DetailWebViewController.swift */; };
		0970CA862B4FD91D00EBB434 /* CollectionFooterView.swift in Sources */ = {isa = PBXBuildFile; fileRef = 0970CA852B4FD91D00EBB434 /* CollectionFooterView.swift */; };
		0970CA8A2B5195DF00EBB434 /* SearchHomeViewController.swift in Sources */ = {isa = PBXBuildFile; fileRef = 0970CA892B5195DF00EBB434 /* SearchHomeViewController.swift */; };
		0970CA8C2B5195EE00EBB434 /* NoResultViewController.swift in Sources */ = {isa = PBXBuildFile; fileRef = 0970CA8B2B5195EE00EBB434 /* NoResultViewController.swift */; };
		0970CA8E2B51A36A00EBB434 /* RecordTableViewCell.swift in Sources */ = {isa = PBXBuildFile; fileRef = 0970CA8D2B51A36A00EBB434 /* RecordTableViewCell.swift */; };
		0970CA902B51A37600EBB434 /* SuggestionTableViewCell.swift in Sources */ = {isa = PBXBuildFile; fileRef = 0970CA8F2B51A37600EBB434 /* SuggestionTableViewCell.swift */; };
		0970CA922B52FE8F00EBB434 /* WebTableViewCell.swift in Sources */ = {isa = PBXBuildFile; fileRef = 0970CA912B52FE8F00EBB434 /* WebTableViewCell.swift */; };
		0970CA942B54483A00EBB434 /* VideoTableViewCell.swift in Sources */ = {isa = PBXBuildFile; fileRef = 0970CA932B54483A00EBB434 /* VideoTableViewCell.swift */; };
		0970CA962B546A8900EBB434 /* VideoTableViewCellViewModel.swift in Sources */ = {isa = PBXBuildFile; fileRef = 0970CA952B546A8900EBB434 /* VideoTableViewCellViewModel.swift */; };
		0970CA982B546E9100EBB434 /* PaddingLabel.swift in Sources */ = {isa = PBXBuildFile; fileRef = 0970CA972B546E9100EBB434 /* PaddingLabel.swift */; };
/* End PBXBuildFile section */

/* Begin PBXContainerItemProxy section */
		0954BAB82B1DB8B7008B36AB /* PBXContainerItemProxy */ = {
			isa = PBXContainerItemProxy;
			containerPortal = 0954BA962B1DB8B6008B36AB /* Project object */;
			proxyType = 1;
			remoteGlobalIDString = 0954BA9D2B1DB8B6008B36AB;
			remoteInfo = SearchApp;
		};
		0954BAC22B1DB8B7008B36AB /* PBXContainerItemProxy */ = {
			isa = PBXContainerItemProxy;
			containerPortal = 0954BA962B1DB8B6008B36AB /* Project object */;
			proxyType = 1;
			remoteGlobalIDString = 0954BA9D2B1DB8B6008B36AB;
			remoteInfo = SearchApp;
		};
/* End PBXContainerItemProxy section */

/* Begin PBXFileReference section */
		0954BA9E2B1DB8B6008B36AB /* SearchApp.app */ = {isa = PBXFileReference; explicitFileType = wrapper.application; includeInIndex = 0; path = SearchApp.app; sourceTree = BUILT_PRODUCTS_DIR; };
		0954BAA12B1DB8B6008B36AB /* AppDelegate.swift */ = {isa = PBXFileReference; lastKnownFileType = sourcecode.swift; path = AppDelegate.swift; sourceTree = "<group>"; };
		0954BAA32B1DB8B6008B36AB /* SceneDelegate.swift */ = {isa = PBXFileReference; lastKnownFileType = sourcecode.swift; path = SceneDelegate.swift; sourceTree = "<group>"; };
		0954BAAB2B1DB8B6008B36AB /* SearchApp.xcdatamodel */ = {isa = PBXFileReference; lastKnownFileType = wrapper.xcdatamodel; path = SearchApp.xcdatamodel; sourceTree = "<group>"; };
		0954BAAD2B1DB8B7008B36AB /* Assets.xcassets */ = {isa = PBXFileReference; lastKnownFileType = folder.assetcatalog; path = Assets.xcassets; sourceTree = "<group>"; };
		0954BAB02B1DB8B7008B36AB /* Base */ = {isa = PBXFileReference; lastKnownFileType = file.storyboard; name = Base; path = Base.lproj/LaunchScreen.storyboard; sourceTree = "<group>"; };
		0954BAB22B1DB8B7008B36AB /* Info.plist */ = {isa = PBXFileReference; lastKnownFileType = text.plist.xml; path = Info.plist; sourceTree = "<group>"; };
		0954BAB72B1DB8B7008B36AB /* SearchAppTests.xctest */ = {isa = PBXFileReference; explicitFileType = wrapper.cfbundle; includeInIndex = 0; path = SearchAppTests.xctest; sourceTree = BUILT_PRODUCTS_DIR; };
		0954BABB2B1DB8B7008B36AB /* SearchAppTests.swift */ = {isa = PBXFileReference; lastKnownFileType = sourcecode.swift; path = SearchAppTests.swift; sourceTree = "<group>"; };
		0954BAC12B1DB8B7008B36AB /* SearchAppUITests.xctest */ = {isa = PBXFileReference; explicitFileType = wrapper.cfbundle; includeInIndex = 0; path = SearchAppUITests.xctest; sourceTree = BUILT_PRODUCTS_DIR; };
		0954BAC52B1DB8B7008B36AB /* SearchAppUITests.swift */ = {isa = PBXFileReference; lastKnownFileType = sourcecode.swift; path = SearchAppUITests.swift; sourceTree = "<group>"; };
		0954BAC72B1DB8B7008B36AB /* SearchAppUITestsLaunchTests.swift */ = {isa = PBXFileReference; lastKnownFileType = sourcecode.swift; path = SearchAppUITestsLaunchTests.swift; sourceTree = "<group>"; };
		0954BAD42B1DBCAA008B36AB /* Secret.xcconfig */ = {isa = PBXFileReference; lastKnownFileType = text.xcconfig; path = Secret.xcconfig; sourceTree = "<group>"; };
		0954BAD82B1DC143008B36AB /* APIService.swift */ = {isa = PBXFileReference; lastKnownFileType = sourcecode.swift; path = APIService.swift; sourceTree = "<group>"; };
		0954BADA2B1DC21D008B36AB /* APIError.swift */ = {isa = PBXFileReference; lastKnownFileType = sourcecode.swift; path = APIError.swift; sourceTree = "<group>"; };
		0954BADC2B1DC27B008B36AB /* URLEndPoint.swift */ = {isa = PBXFileReference; lastKnownFileType = sourcecode.swift; path = URLEndPoint.swift; sourceTree = "<group>"; };
		0954BADE2B1DC2A8008B36AB /* Extension.swift */ = {isa = PBXFileReference; lastKnownFileType = sourcecode.swift; path = Extension.swift; sourceTree = "<group>"; };
		0954BAE12B1DC465008B36AB /* Meta.swift */ = {isa = PBXFileReference; lastKnownFileType = sourcecode.swift; path = Meta.swift; sourceTree = "<group>"; };
		0954BAE32B1DC55B008B36AB /* WebSearch.swift */ = {isa = PBXFileReference; lastKnownFileType = sourcecode.swift; path = WebSearch.swift; sourceTree = "<group>"; };
		0954BAE52B1DC58A008B36AB /* VideoSearch.swift */ = {isa = PBXFileReference; lastKnownFileType = sourcecode.swift; path = VideoSearch.swift; sourceTree = "<group>"; };
		0954BAE72B1DC5CA008B36AB /* ImageSearch.swift */ = {isa = PBXFileReference; lastKnownFileType = sourcecode.swift; path = ImageSearch.swift; sourceTree = "<group>"; };
		0954BAEB2B1DDB8D008B36AB /* SuggestionXMLParser.swift */ = {isa = PBXFileReference; lastKnownFileType = sourcecode.swift; path = SuggestionXMLParser.swift; sourceTree = "<group>"; };
		0954BAED2B1DDCDE008B36AB /* Suggestion.swift */ = {isa = PBXFileReference; lastKnownFileType = sourcecode.swift; path = Suggestion.swift; sourceTree = "<group>"; };
		0954BAF02B1DEEE5008B36AB /* CoreDataManager.swift */ = {isa = PBXFileReference; lastKnownFileType = sourcecode.swift; path = CoreDataManager.swift; sourceTree = "<group>"; };
		0954BAF22B1F0F99008B36AB /* ApplicationCoordinator.swift */ = {isa = PBXFileReference; lastKnownFileType = sourcecode.swift; path = ApplicationCoordinator.swift; sourceTree = "<group>"; };
		0954BAF52B1F0FDF008B36AB /* MainCoordinator.swift */ = {isa = PBXFileReference; lastKnownFileType = sourcecode.swift; path = MainCoordinator.swift; sourceTree = "<group>"; };
		0954BAF72B1F1055008B36AB /* Coordinator.swift */ = {isa = PBXFileReference; lastKnownFileType = sourcecode.swift; path = Coordinator.swift; sourceTree = "<group>"; };
		0970CA2A2B2304C100EBB434 /* SearchViewController.swift */ = {isa = PBXFileReference; lastKnownFileType = sourcecode.swift; path = SearchViewController.swift; sourceTree = "<group>"; };
		0970CA2D2B23050F00EBB434 /* SearchViewModel.swift */ = {isa = PBXFileReference; lastKnownFileType = sourcecode.swift; path = SearchViewModel.swift; sourceTree = "<group>"; };
		0970CA2F2B23580100EBB434 /* WebResultViewController.swift */ = {isa = PBXFileReference; lastKnownFileType = sourcecode.swift; path = WebResultViewController.swift; sourceTree = "<group>"; };
		0970CA3D2B2C708300EBB434 /* SuggestionViewController.swift */ = {isa = PBXFileReference; lastKnownFileType = sourcecode.swift; path = SuggestionViewController.swift; sourceTree = "<group>"; };
		0970CA3F2B2C709800EBB434 /* ImageResultViewController.swift */ = {isa = PBXFileReference; lastKnownFileType = sourcecode.swift; path = ImageResultViewController.swift; sourceTree = "<group>"; };
		0970CA412B2C70A400EBB434 /* VideoResultViewController.swift */ = {isa = PBXFileReference; lastKnownFileType = sourcecode.swift; path = VideoResultViewController.swift; sourceTree = "<group>"; };
		0970CA4B2B319B1E00EBB434 /* MoreButtonView.swift */ = {isa = PBXFileReference; lastKnownFileType = sourcecode.swift; path = MoreButtonView.swift; sourceTree = "<group>"; };
		0970CA4F2B44643100EBB434 /* ErrorViewController.swift */ = {isa = PBXFileReference; lastKnownFileType = sourcecode.swift; path = ErrorViewController.swift; sourceTree = "<group>"; };
		0970CA542B46F23100EBB434 /* WebResultViewModel.swift */ = {isa = PBXFileReference; lastKnownFileType = sourcecode.swift; path = WebResultViewModel.swift; sourceTree = "<group>"; };
		0970CA562B4700B600EBB434 /* ImageResultViewModel.swift */ = {isa = PBXFileReference; lastKnownFileType = sourcecode.swift; path = ImageResultViewModel.swift; sourceTree = "<group>"; };
		0970CA582B47010000EBB434 /* VideoResultViewModel.swift */ = {isa = PBXFileReference; lastKnownFileType = sourcecode.swift; path = VideoResultViewModel.swift; sourceTree = "<group>"; };
		0970CA5C2B48152C00EBB434 /* CollectionViewCell.swift */ = {isa = PBXFileReference; lastKnownFileType = sourcecode.swift; path = CollectionViewCell.swift; sourceTree = "<group>"; };
		0970CA802B4D746600EBB434 /* CollectionCellViewModel.swift */ = {isa = PBXFileReference; lastKnownFileType = sourcecode.swift; path = CollectionCellViewModel.swift; sourceTree = "<group>"; };
		0970CA832B4E4EE300EBB434 /* DetailWebViewController.swift */ = {isa = PBXFileReference; lastKnownFileType = sourcecode.swift; path = DetailWebViewController.swift; sourceTree = "<group>"; };
		0970CA852B4FD91D00EBB434 /* CollectionFooterView.swift */ = {isa = PBXFileReference; lastKnownFileType = sourcecode.swift; path = CollectionFooterView.swift; sourceTree = "<group>"; };
		0970CA892B5195DF00EBB434 /* SearchHomeViewController.swift */ = {isa = PBXFileReference; lastKnownFileType = sourcecode.swift; path = SearchHomeViewController.swift; sourceTree = "<group>"; };
		0970CA8B2B5195EE00EBB434 /* NoResultViewController.swift */ = {isa = PBXFileReference; lastKnownFileType = sourcecode.swift; path = NoResultViewController.swift; sourceTree = "<group>"; };
		0970CA8D2B51A36A00EBB434 /* RecordTableViewCell.swift */ = {isa = PBXFileReference; lastKnownFileType = sourcecode.swift; path = RecordTableViewCell.swift; sourceTree = "<group>"; };
		0970CA8F2B51A37600EBB434 /* SuggestionTableViewCell.swift */ = {isa = PBXFileReference; lastKnownFileType = sourcecode.swift; path = SuggestionTableViewCell.swift; sourceTree = "<group>"; };
		0970CA912B52FE8F00EBB434 /* WebTableViewCell.swift */ = {isa = PBXFileReference; lastKnownFileType = sourcecode.swift; path = WebTableViewCell.swift; sourceTree = "<group>"; };
		0970CA932B54483A00EBB434 /* VideoTableViewCell.swift */ = {isa = PBXFileReference; lastKnownFileType = sourcecode.swift; path = VideoTableViewCell.swift; sourceTree = "<group>"; };
		0970CA952B546A8900EBB434 /* VideoTableViewCellViewModel.swift */ = {isa = PBXFileReference; lastKnownFileType = sourcecode.swift; path = VideoTableViewCellViewModel.swift; sourceTree = "<group>"; };
		0970CA972B546E9100EBB434 /* PaddingLabel.swift */ = {isa = PBXFileReference; lastKnownFileType = sourcecode.swift; path = PaddingLabel.swift; sourceTree = "<group>"; };
/* End PBXFileReference section */

/* Begin PBXFrameworksBuildPhase section */
		0954BA9B2B1DB8B6008B36AB /* Frameworks */ = {
			isa = PBXFrameworksBuildPhase;
			buildActionMask = 2147483647;
			files = (
			);
			runOnlyForDeploymentPostprocessing = 0;
		};
		0954BAB42B1DB8B7008B36AB /* Frameworks */ = {
			isa = PBXFrameworksBuildPhase;
			buildActionMask = 2147483647;
			files = (
			);
			runOnlyForDeploymentPostprocessing = 0;
		};
		0954BABE2B1DB8B7008B36AB /* Frameworks */ = {
			isa = PBXFrameworksBuildPhase;
			buildActionMask = 2147483647;
			files = (
			);
			runOnlyForDeploymentPostprocessing = 0;
		};
/* End PBXFrameworksBuildPhase section */

/* Begin PBXGroup section */
		0954BA952B1DB8B6008B36AB = {
			isa = PBXGroup;
			children = (
				0954BAD42B1DBCAA008B36AB /* Secret.xcconfig */,
				0954BAA02B1DB8B6008B36AB /* SearchApp */,
				0954BABA2B1DB8B7008B36AB /* SearchAppTests */,
				0954BAC42B1DB8B7008B36AB /* SearchAppUITests */,
				0954BA9F2B1DB8B6008B36AB /* Products */,
			);
			sourceTree = "<group>";
		};
		0954BA9F2B1DB8B6008B36AB /* Products */ = {
			isa = PBXGroup;
			children = (
				0954BA9E2B1DB8B6008B36AB /* SearchApp.app */,
				0954BAB72B1DB8B7008B36AB /* SearchAppTests.xctest */,
				0954BAC12B1DB8B7008B36AB /* SearchAppUITests.xctest */,
			);
			name = Products;
			sourceTree = "<group>";
		};
		0954BAA02B1DB8B6008B36AB /* SearchApp */ = {
			isa = PBXGroup;
			children = (
				0970CA9A2B5482C800EBB434 /* AppDelegate */,
				0970CA992B54821F00EBB434 /* Helper */,
				0954BAF42B1F0FBE008B36AB /* View */,
				0954BAEF2B1DEEAD008B36AB /* CoreData */,
				0954BAE02B1DC386008B36AB /* Model */,
				0954BAD72B1DC11B008B36AB /* Network */,
				0954BAAD2B1DB8B7008B36AB /* Assets.xcassets */,
				0954BAAF2B1DB8B7008B36AB /* LaunchScreen.storyboard */,
				0954BAB22B1DB8B7008B36AB /* Info.plist */,
			);
			path = SearchApp;
			sourceTree = "<group>";
		};
		0954BABA2B1DB8B7008B36AB /* SearchAppTests */ = {
			isa = PBXGroup;
			children = (
				0954BABB2B1DB8B7008B36AB /* SearchAppTests.swift */,
			);
			path = SearchAppTests;
			sourceTree = "<group>";
		};
		0954BAC42B1DB8B7008B36AB /* SearchAppUITests */ = {
			isa = PBXGroup;
			children = (
				0954BAC52B1DB8B7008B36AB /* SearchAppUITests.swift */,
				0954BAC72B1DB8B7008B36AB /* SearchAppUITestsLaunchTests.swift */,
			);
			path = SearchAppUITests;
			sourceTree = "<group>";
		};
		0954BAD72B1DC11B008B36AB /* Network */ = {
			isa = PBXGroup;
			children = (
				0954BAD82B1DC143008B36AB /* APIService.swift */,
				0954BADA2B1DC21D008B36AB /* APIError.swift */,
				0954BADC2B1DC27B008B36AB /* URLEndPoint.swift */,
				0954BAEB2B1DDB8D008B36AB /* SuggestionXMLParser.swift */,
			);
			path = Network;
			sourceTree = "<group>";
		};
		0954BAE02B1DC386008B36AB /* Model */ = {
			isa = PBXGroup;
			children = (
				0954BAE12B1DC465008B36AB /* Meta.swift */,
				0954BAE32B1DC55B008B36AB /* WebSearch.swift */,
				0954BAE52B1DC58A008B36AB /* VideoSearch.swift */,
				0954BAE72B1DC5CA008B36AB /* ImageSearch.swift */,
				0954BAED2B1DDCDE008B36AB /* Suggestion.swift */,
			);
			path = Model;
			sourceTree = "<group>";
		};
		0954BAEF2B1DEEAD008B36AB /* CoreData */ = {
			isa = PBXGroup;
			children = (
				0954BAAA2B1DB8B6008B36AB /* SearchApp.xcdatamodeld */,
				0954BAF02B1DEEE5008B36AB /* CoreDataManager.swift */,
			);
			path = CoreData;
			sourceTree = "<group>";
		};
		0954BAF42B1F0FBE008B36AB /* View */ = {
			isa = PBXGroup;
			children = (
				0954BAF52B1F0FDF008B36AB /* MainCoordinator.swift */,
				0970CA2C2B2304C500EBB434 /* Search */,
				0970CA4D2B3D91D900EBB434 /* Result */,
				0970CA4E2B4463EC00EBB434 /* Error */,
				0970CA822B4E4E9100EBB434 /* Detail */,
			);
			path = View;
			sourceTree = "<group>";
		};
		0970CA2C2B2304C500EBB434 /* Search */ = {
			isa = PBXGroup;
			children = (
				0970CA2A2B2304C100EBB434 /* SearchViewController.swift */,
				0970CA2D2B23050F00EBB434 /* SearchViewModel.swift */,
			);
			path = Search;
			sourceTree = "<group>";
		};
		0970CA312B235D3600EBB434 /* WebResult */ = {
			isa = PBXGroup;
			children = (
				0970CA2F2B23580100EBB434 /* WebResultViewController.swift */,
				0970CA542B46F23100EBB434 /* WebResultViewModel.swift */,
				0970CA912B52FE8F00EBB434 /* WebTableViewCell.swift */,
			);
			path = WebResult;
			sourceTree = "<group>";
		};
		0970CA3A2B2C704E00EBB434 /* Suggestion */ = {
			isa = PBXGroup;
			children = (
				0970CA3D2B2C708300EBB434 /* SuggestionViewController.swift */,
				0970CA8D2B51A36A00EBB434 /* RecordTableViewCell.swift */,
				0970CA8F2B51A37600EBB434 /* SuggestionTableViewCell.swift */,
			);
			path = Suggestion;
			sourceTree = "<group>";
		};
		0970CA3B2B2C705900EBB434 /* ImageResult */ = {
			isa = PBXGroup;
			children = (
				0970CA3F2B2C709800EBB434 /* ImageResultViewController.swift */,
				0970CA562B4700B600EBB434 /* ImageResultViewModel.swift */,
				0970CA5C2B48152C00EBB434 /* CollectionViewCell.swift */,
				0970CA802B4D746600EBB434 /* CollectionCellViewModel.swift */,
				0970CA852B4FD91D00EBB434 /* CollectionFooterView.swift */,
			);
			path = ImageResult;
			sourceTree = "<group>";
		};
		0970CA3C2B2C706500EBB434 /* VideoResult */ = {
			isa = PBXGroup;
			children = (
				0970CA412B2C70A400EBB434 /* VideoResultViewController.swift */,
				0970CA582B47010000EBB434 /* VideoResultViewModel.swift */,
				0970CA932B54483A00EBB434 /* VideoTableViewCell.swift */,
				0970CA952B546A8900EBB434 /* VideoTableViewCellViewModel.swift */,
			);
			path = VideoResult;
			sourceTree = "<group>";
		};
		0970CA4D2B3D91D900EBB434 /* Result */ = {
			isa = PBXGroup;
			children = (
				0970CA3A2B2C704E00EBB434 /* Suggestion */,
				0970CA312B235D3600EBB434 /* WebResult */,
				0970CA3B2B2C705900EBB434 /* ImageResult */,
				0970CA3C2B2C706500EBB434 /* VideoResult */,
				0970CA872B51953F00EBB434 /* SearchHome */,
				0970CA882B5195C300EBB434 /* NoResult */,
			);
			path = Result;
			sourceTree = "<group>";
		};
		0970CA4E2B4463EC00EBB434 /* Error */ = {
			isa = PBXGroup;
			children = (
				0970CA4F2B44643100EBB434 /* ErrorViewController.swift */,
			);
			path = Error;
			sourceTree = "<group>";
		};
		0970CA822B4E4E9100EBB434 /* Detail */ = {
			isa = PBXGroup;
			children = (
				0970CA832B4E4EE300EBB434 /* DetailWebViewController.swift */,
			);
			path = Detail;
			sourceTree = "<group>";
		};
		0970CA872B51953F00EBB434 /* SearchHome */ = {
			isa = PBXGroup;
			children = (
				0970CA892B5195DF00EBB434 /* SearchHomeViewController.swift */,
			);
			path = SearchHome;
			sourceTree = "<group>";
		};
		0970CA882B5195C300EBB434 /* NoResult */ = {
			isa = PBXGroup;
			children = (
				0970CA8B2B5195EE00EBB434 /* NoResultViewController.swift */,
			);
			path = NoResult;
			sourceTree = "<group>";
		};
		0970CA992B54821F00EBB434 /* Helper */ = {
			isa = PBXGroup;
			children = (
				0970CA972B546E9100EBB434 /* PaddingLabel.swift */,
				0954BADE2B1DC2A8008B36AB /* Extension.swift */,
				0954BAF72B1F1055008B36AB /* Coordinator.swift */,
				0970CA4B2B319B1E00EBB434 /* MoreButtonView.swift */,
			);
			path = Helper;
			sourceTree = "<group>";
		};
		0970CA9A2B5482C800EBB434 /* AppDelegate */ = {
			isa = PBXGroup;
			children = (
				0954BAA12B1DB8B6008B36AB /* AppDelegate.swift */,
				0954BAA32B1DB8B6008B36AB /* SceneDelegate.swift */,
				0954BAF22B1F0F99008B36AB /* ApplicationCoordinator.swift */,
			);
			path = AppDelegate;
			sourceTree = "<group>";
		};
/* End PBXGroup section */

/* Begin PBXNativeTarget section */
		0954BA9D2B1DB8B6008B36AB /* SearchApp */ = {
			isa = PBXNativeTarget;
			buildConfigurationList = 0954BACB2B1DB8B7008B36AB /* Build configuration list for PBXNativeTarget "SearchApp" */;
			buildPhases = (
				0954BA9A2B1DB8B6008B36AB /* Sources */,
				0954BA9B2B1DB8B6008B36AB /* Frameworks */,
				0954BA9C2B1DB8B6008B36AB /* Resources */,
			);
			buildRules = (
			);
			dependencies = (
			);
			name = SearchApp;
			productName = SearchApp;
			productReference = 0954BA9E2B1DB8B6008B36AB /* SearchApp.app */;
			productType = "com.apple.product-type.application";
		};
		0954BAB62B1DB8B7008B36AB /* SearchAppTests */ = {
			isa = PBXNativeTarget;
			buildConfigurationList = 0954BACE2B1DB8B7008B36AB /* Build configuration list for PBXNativeTarget "SearchAppTests" */;
			buildPhases = (
				0954BAB32B1DB8B7008B36AB /* Sources */,
				0954BAB42B1DB8B7008B36AB /* Frameworks */,
				0954BAB52B1DB8B7008B36AB /* Resources */,
			);
			buildRules = (
			);
			dependencies = (
				0954BAB92B1DB8B7008B36AB /* PBXTargetDependency */,
			);
			name = SearchAppTests;
			productName = SearchAppTests;
			productReference = 0954BAB72B1DB8B7008B36AB /* SearchAppTests.xctest */;
			productType = "com.apple.product-type.bundle.unit-test";
		};
		0954BAC02B1DB8B7008B36AB /* SearchAppUITests */ = {
			isa = PBXNativeTarget;
			buildConfigurationList = 0954BAD12B1DB8B7008B36AB /* Build configuration list for PBXNativeTarget "SearchAppUITests" */;
			buildPhases = (
				0954BABD2B1DB8B7008B36AB /* Sources */,
				0954BABE2B1DB8B7008B36AB /* Frameworks */,
				0954BABF2B1DB8B7008B36AB /* Resources */,
			);
			buildRules = (
			);
			dependencies = (
				0954BAC32B1DB8B7008B36AB /* PBXTargetDependency */,
			);
			name = SearchAppUITests;
			productName = SearchAppUITests;
			productReference = 0954BAC12B1DB8B7008B36AB /* SearchAppUITests.xctest */;
			productType = "com.apple.product-type.bundle.ui-testing";
		};
/* End PBXNativeTarget section */

/* Begin PBXProject section */
		0954BA962B1DB8B6008B36AB /* Project object */ = {
			isa = PBXProject;
			attributes = {
				BuildIndependentTargetsInParallel = 1;
				LastSwiftUpdateCheck = 1430;
				LastUpgradeCheck = 1430;
				TargetAttributes = {
					0954BA9D2B1DB8B6008B36AB = {
						CreatedOnToolsVersion = 14.3;
					};
					0954BAB62B1DB8B7008B36AB = {
						CreatedOnToolsVersion = 14.3;
						TestTargetID = 0954BA9D2B1DB8B6008B36AB;
					};
					0954BAC02B1DB8B7008B36AB = {
						CreatedOnToolsVersion = 14.3;
						TestTargetID = 0954BA9D2B1DB8B6008B36AB;
					};
				};
			};
			buildConfigurationList = 0954BA992B1DB8B6008B36AB /* Build configuration list for PBXProject "SearchApp" */;
			compatibilityVersion = "Xcode 14.0";
			developmentRegion = en;
			hasScannedForEncodings = 0;
			knownRegions = (
				en,
				Base,
			);
			mainGroup = 0954BA952B1DB8B6008B36AB;
			productRefGroup = 0954BA9F2B1DB8B6008B36AB /* Products */;
			projectDirPath = "";
			projectRoot = "";
			targets = (
				0954BA9D2B1DB8B6008B36AB /* SearchApp */,
				0954BAB62B1DB8B7008B36AB /* SearchAppTests */,
				0954BAC02B1DB8B7008B36AB /* SearchAppUITests */,
			);
		};
/* End PBXProject section */

/* Begin PBXResourcesBuildPhase section */
		0954BA9C2B1DB8B6008B36AB /* Resources */ = {
			isa = PBXResourcesBuildPhase;
			buildActionMask = 2147483647;
			files = (
				0954BAB12B1DB8B7008B36AB /* LaunchScreen.storyboard in Resources */,
				0954BAAE2B1DB8B7008B36AB /* Assets.xcassets in Resources */,
			);
			runOnlyForDeploymentPostprocessing = 0;
		};
		0954BAB52B1DB8B7008B36AB /* Resources */ = {
			isa = PBXResourcesBuildPhase;
			buildActionMask = 2147483647;
			files = (
			);
			runOnlyForDeploymentPostprocessing = 0;
		};
		0954BABF2B1DB8B7008B36AB /* Resources */ = {
			isa = PBXResourcesBuildPhase;
			buildActionMask = 2147483647;
			files = (
			);
			runOnlyForDeploymentPostprocessing = 0;
		};
/* End PBXResourcesBuildPhase section */

/* Begin PBXSourcesBuildPhase section */
		0954BA9A2B1DB8B6008B36AB /* Sources */ = {
			isa = PBXSourcesBuildPhase;
			buildActionMask = 2147483647;
			files = (
				0970CA2E2B23050F00EBB434 /* SearchViewModel.swift in Sources */,
				0970CA422B2C70A400EBB434 /* VideoResultViewController.swift in Sources */,
				0954BAE62B1DC58A008B36AB /* VideoSearch.swift in Sources */,
				0970CA4C2B319B1E00EBB434 /* MoreButtonView.swift in Sources */,
				0954BAEC2B1DDB8D008B36AB /* SuggestionXMLParser.swift in Sources */,
				0970CA942B54483A00EBB434 /* VideoTableViewCell.swift in Sources */,
				0970CA402B2C709800EBB434 /* ImageResultViewController.swift in Sources */,
				0970CA8E2B51A36A00EBB434 /* RecordTableViewCell.swift in Sources */,
				0954BAE82B1DC5CA008B36AB /* ImageSearch.swift in Sources */,
				0970CA502B44643100EBB434 /* ErrorViewController.swift in Sources */,
				0970CA982B546E9100EBB434 /* PaddingLabel.swift in Sources */,
				0970CA592B47010000EBB434 /* VideoResultViewModel.swift in Sources */,
				0970CA3E2B2C708300EBB434 /* SuggestionViewController.swift in Sources */,
				0970CA962B546A8900EBB434 /* VideoTableViewCellViewModel.swift in Sources */,
				0970CA572B4700B600EBB434 /* ImageResultViewModel.swift in Sources */,
				0970CA8A2B5195DF00EBB434 /* SearchHomeViewController.swift in Sources */,
				0954BAF32B1F0F99008B36AB /* ApplicationCoordinator.swift in Sources */,
				0970CA8C2B5195EE00EBB434 /* NoResultViewController.swift in Sources */,
				0970CA842B4E4EE300EBB434 /* DetailWebViewController.swift in Sources */,
				0954BADF2B1DC2A8008B36AB /* Extension.swift in Sources */,
				0954BAF82B1F1055008B36AB /* Coordinator.swift in Sources */,
				0970CA302B23580100EBB434 /* WebResultViewController.swift in Sources */,
				0954BAE42B1DC55C008B36AB /* WebSearch.swift in Sources */,
				0954BAF62B1F0FDF008B36AB /* MainCoordinator.swift in Sources */,
				0954BAD92B1DC143008B36AB /* APIService.swift in Sources */,
				0954BADD2B1DC27B008B36AB /* URLEndPoint.swift in Sources */,
				0970CA922B52FE8F00EBB434 /* WebTableViewCell.swift in Sources */,
				0954BAAC2B1DB8B6008B36AB /* SearchApp.xcdatamodeld in Sources */,
				0954BAA22B1DB8B6008B36AB /* AppDelegate.swift in Sources */,
				0954BAA42B1DB8B6008B36AB /* SceneDelegate.swift in Sources */,
				0970CA2B2B2304C100EBB434 /* SearchViewController.swift in Sources */,
				0970CA812B4D746600EBB434 /* CollectionCellViewModel.swift in Sources */,
				0954BADB2B1DC21D008B36AB /* APIError.swift in Sources */,
				0954BAE22B1DC465008B36AB /* Meta.swift in Sources */,
				0970CA552B46F23100EBB434 /* WebResultViewModel.swift in Sources */,
				0954BAF12B1DEEE5008B36AB /* CoreDataManager.swift in Sources */,
				0954BAEE2B1DDCDE008B36AB /* Suggestion.swift in Sources */,
				0970CA862B4FD91D00EBB434 /* CollectionFooterView.swift in Sources */,
				0970CA5D2B48152C00EBB434 /* CollectionViewCell.swift in Sources */,
				0970CA902B51A37600EBB434 /* SuggestionTableViewCell.swift in Sources */,
			);
			runOnlyForDeploymentPostprocessing = 0;
		};
		0954BAB32B1DB8B7008B36AB /* Sources */ = {
			isa = PBXSourcesBuildPhase;
			buildActionMask = 2147483647;
			files = (
				0954BABC2B1DB8B7008B36AB /* SearchAppTests.swift in Sources */,
			);
			runOnlyForDeploymentPostprocessing = 0;
		};
		0954BABD2B1DB8B7008B36AB /* Sources */ = {
			isa = PBXSourcesBuildPhase;
			buildActionMask = 2147483647;
			files = (
				0954BAC82B1DB8B7008B36AB /* SearchAppUITestsLaunchTests.swift in Sources */,
				0954BAC62B1DB8B7008B36AB /* SearchAppUITests.swift in Sources */,
			);
			runOnlyForDeploymentPostprocessing = 0;
		};
/* End PBXSourcesBuildPhase section */

/* Begin PBXTargetDependency section */
		0954BAB92B1DB8B7008B36AB /* PBXTargetDependency */ = {
			isa = PBXTargetDependency;
			target = 0954BA9D2B1DB8B6008B36AB /* SearchApp */;
			targetProxy = 0954BAB82B1DB8B7008B36AB /* PBXContainerItemProxy */;
		};
		0954BAC32B1DB8B7008B36AB /* PBXTargetDependency */ = {
			isa = PBXTargetDependency;
			target = 0954BA9D2B1DB8B6008B36AB /* SearchApp */;
			targetProxy = 0954BAC22B1DB8B7008B36AB /* PBXContainerItemProxy */;
		};
/* End PBXTargetDependency section */

/* Begin PBXVariantGroup section */
		0954BAAF2B1DB8B7008B36AB /* LaunchScreen.storyboard */ = {
			isa = PBXVariantGroup;
			children = (
				0954BAB02B1DB8B7008B36AB /* Base */,
			);
			name = LaunchScreen.storyboard;
			sourceTree = "<group>";
		};
/* End PBXVariantGroup section */

/* Begin XCBuildConfiguration section */
		0954BAC92B1DB8B7008B36AB /* Debug */ = {
			isa = XCBuildConfiguration;
			buildSettings = {
				ALWAYS_SEARCH_USER_PATHS = NO;
				CLANG_ANALYZER_NONNULL = YES;
				CLANG_ANALYZER_NUMBER_OBJECT_CONVERSION = YES_AGGRESSIVE;
				CLANG_CXX_LANGUAGE_STANDARD = "gnu++20";
				CLANG_ENABLE_MODULES = YES;
				CLANG_ENABLE_OBJC_ARC = YES;
				CLANG_ENABLE_OBJC_WEAK = YES;
				CLANG_WARN_BLOCK_CAPTURE_AUTORELEASING = YES;
				CLANG_WARN_BOOL_CONVERSION = YES;
				CLANG_WARN_COMMA = YES;
				CLANG_WARN_CONSTANT_CONVERSION = YES;
				CLANG_WARN_DEPRECATED_OBJC_IMPLEMENTATIONS = YES;
				CLANG_WARN_DIRECT_OBJC_ISA_USAGE = YES_ERROR;
				CLANG_WARN_DOCUMENTATION_COMMENTS = YES;
				CLANG_WARN_EMPTY_BODY = YES;
				CLANG_WARN_ENUM_CONVERSION = YES;
				CLANG_WARN_INFINITE_RECURSION = YES;
				CLANG_WARN_INT_CONVERSION = YES;
				CLANG_WARN_NON_LITERAL_NULL_CONVERSION = YES;
				CLANG_WARN_OBJC_IMPLICIT_RETAIN_SELF = YES;
				CLANG_WARN_OBJC_LITERAL_CONVERSION = YES;
				CLANG_WARN_OBJC_ROOT_CLASS = YES_ERROR;
				CLANG_WARN_QUOTED_INCLUDE_IN_FRAMEWORK_HEADER = YES;
				CLANG_WARN_RANGE_LOOP_ANALYSIS = YES;
				CLANG_WARN_STRICT_PROTOTYPES = YES;
				CLANG_WARN_SUSPICIOUS_MOVE = YES;
				CLANG_WARN_UNGUARDED_AVAILABILITY = YES_AGGRESSIVE;
				CLANG_WARN_UNREACHABLE_CODE = YES;
				CLANG_WARN__DUPLICATE_METHOD_MATCH = YES;
				COPY_PHASE_STRIP = NO;
				DEBUG_INFORMATION_FORMAT = dwarf;
				ENABLE_STRICT_OBJC_MSGSEND = YES;
				ENABLE_TESTABILITY = YES;
				GCC_C_LANGUAGE_STANDARD = gnu11;
				GCC_DYNAMIC_NO_PIC = NO;
				GCC_NO_COMMON_BLOCKS = YES;
				GCC_OPTIMIZATION_LEVEL = 0;
				GCC_PREPROCESSOR_DEFINITIONS = (
					"DEBUG=1",
					"$(inherited)",
				);
				GCC_WARN_64_TO_32_BIT_CONVERSION = YES;
				GCC_WARN_ABOUT_RETURN_TYPE = YES_ERROR;
				GCC_WARN_UNDECLARED_SELECTOR = YES;
				GCC_WARN_UNINITIALIZED_AUTOS = YES_AGGRESSIVE;
				GCC_WARN_UNUSED_FUNCTION = YES;
				GCC_WARN_UNUSED_VARIABLE = YES;
				IPHONEOS_DEPLOYMENT_TARGET = 16.4;
				MTL_ENABLE_DEBUG_INFO = INCLUDE_SOURCE;
				MTL_FAST_MATH = YES;
				ONLY_ACTIVE_ARCH = YES;
				SDKROOT = iphoneos;
				SWIFT_ACTIVE_COMPILATION_CONDITIONS = DEBUG;
				SWIFT_OPTIMIZATION_LEVEL = "-Onone";
			};
			name = Debug;
		};
		0954BACA2B1DB8B7008B36AB /* Release */ = {
			isa = XCBuildConfiguration;
			buildSettings = {
				ALWAYS_SEARCH_USER_PATHS = NO;
				CLANG_ANALYZER_NONNULL = YES;
				CLANG_ANALYZER_NUMBER_OBJECT_CONVERSION = YES_AGGRESSIVE;
				CLANG_CXX_LANGUAGE_STANDARD = "gnu++20";
				CLANG_ENABLE_MODULES = YES;
				CLANG_ENABLE_OBJC_ARC = YES;
				CLANG_ENABLE_OBJC_WEAK = YES;
				CLANG_WARN_BLOCK_CAPTURE_AUTORELEASING = YES;
				CLANG_WARN_BOOL_CONVERSION = YES;
				CLANG_WARN_COMMA = YES;
				CLANG_WARN_CONSTANT_CONVERSION = YES;
				CLANG_WARN_DEPRECATED_OBJC_IMPLEMENTATIONS = YES;
				CLANG_WARN_DIRECT_OBJC_ISA_USAGE = YES_ERROR;
				CLANG_WARN_DOCUMENTATION_COMMENTS = YES;
				CLANG_WARN_EMPTY_BODY = YES;
				CLANG_WARN_ENUM_CONVERSION = YES;
				CLANG_WARN_INFINITE_RECURSION = YES;
				CLANG_WARN_INT_CONVERSION = YES;
				CLANG_WARN_NON_LITERAL_NULL_CONVERSION = YES;
				CLANG_WARN_OBJC_IMPLICIT_RETAIN_SELF = YES;
				CLANG_WARN_OBJC_LITERAL_CONVERSION = YES;
				CLANG_WARN_OBJC_ROOT_CLASS = YES_ERROR;
				CLANG_WARN_QUOTED_INCLUDE_IN_FRAMEWORK_HEADER = YES;
				CLANG_WARN_RANGE_LOOP_ANALYSIS = YES;
				CLANG_WARN_STRICT_PROTOTYPES = YES;
				CLANG_WARN_SUSPICIOUS_MOVE = YES;
				CLANG_WARN_UNGUARDED_AVAILABILITY = YES_AGGRESSIVE;
				CLANG_WARN_UNREACHABLE_CODE = YES;
				CLANG_WARN__DUPLICATE_METHOD_MATCH = YES;
				COPY_PHASE_STRIP = NO;
				DEBUG_INFORMATION_FORMAT = "dwarf-with-dsym";
				ENABLE_NS_ASSERTIONS = NO;
				ENABLE_STRICT_OBJC_MSGSEND = YES;
				GCC_C_LANGUAGE_STANDARD = gnu11;
				GCC_NO_COMMON_BLOCKS = YES;
				GCC_WARN_64_TO_32_BIT_CONVERSION = YES;
				GCC_WARN_ABOUT_RETURN_TYPE = YES_ERROR;
				GCC_WARN_UNDECLARED_SELECTOR = YES;
				GCC_WARN_UNINITIALIZED_AUTOS = YES_AGGRESSIVE;
				GCC_WARN_UNUSED_FUNCTION = YES;
				GCC_WARN_UNUSED_VARIABLE = YES;
				IPHONEOS_DEPLOYMENT_TARGET = 16.4;
				MTL_ENABLE_DEBUG_INFO = NO;
				MTL_FAST_MATH = YES;
				SDKROOT = iphoneos;
				SWIFT_COMPILATION_MODE = wholemodule;
				SWIFT_OPTIMIZATION_LEVEL = "-O";
				VALIDATE_PRODUCT = YES;
			};
			name = Release;
		};
		0954BACC2B1DB8B7008B36AB /* Debug */ = {
			isa = XCBuildConfiguration;
			baseConfigurationReference = 0954BAD42B1DBCAA008B36AB /* Secret.xcconfig */;
			buildSettings = {
				ASSETCATALOG_COMPILER_APPICON_NAME = AppIcon;
				ASSETCATALOG_COMPILER_GLOBAL_ACCENT_COLOR_NAME = AccentColor;
				CODE_SIGN_STYLE = Automatic;
				CURRENT_PROJECT_VERSION = 1;
				DEVELOPMENT_TEAM = 44CVK5WU2L;
				GENERATE_INFOPLIST_FILE = YES;
				INFOPLIST_FILE = SearchApp/Info.plist;
				INFOPLIST_KEY_UIApplicationSupportsIndirectInputEvents = YES;
				INFOPLIST_KEY_UILaunchStoryboardName = LaunchScreen;
				INFOPLIST_KEY_UISupportedInterfaceOrientations_iPad = "UIInterfaceOrientationPortrait UIInterfaceOrientationPortraitUpsideDown UIInterfaceOrientationLandscapeLeft UIInterfaceOrientationLandscapeRight";
				INFOPLIST_KEY_UISupportedInterfaceOrientations_iPhone = "UIInterfaceOrientationPortrait UIInterfaceOrientationLandscapeLeft UIInterfaceOrientationLandscapeRight";
				LD_RUNPATH_SEARCH_PATHS = (
					"$(inherited)",
					"@executable_path/Frameworks",
				);
				MARKETING_VERSION = 1.0;
				PRODUCT_BUNDLE_IDENTIFIER = com.jerry.SearchApp;
				PRODUCT_NAME = "$(TARGET_NAME)";
				SWIFT_EMIT_LOC_STRINGS = YES;
				SWIFT_VERSION = 5.0;
				TARGETED_DEVICE_FAMILY = "1,2";
			};
			name = Debug;
		};
		0954BACD2B1DB8B7008B36AB /* Release */ = {
			isa = XCBuildConfiguration;
			buildSettings = {
				ASSETCATALOG_COMPILER_APPICON_NAME = AppIcon;
				ASSETCATALOG_COMPILER_GLOBAL_ACCENT_COLOR_NAME = AccentColor;
				CODE_SIGN_STYLE = Automatic;
				CURRENT_PROJECT_VERSION = 1;
				DEVELOPMENT_TEAM = 44CVK5WU2L;
				GENERATE_INFOPLIST_FILE = YES;
				INFOPLIST_FILE = SearchApp/Info.plist;
				INFOPLIST_KEY_UIApplicationSupportsIndirectInputEvents = YES;
				INFOPLIST_KEY_UILaunchStoryboardName = LaunchScreen;
				INFOPLIST_KEY_UISupportedInterfaceOrientations_iPad = "UIInterfaceOrientationPortrait UIInterfaceOrientationPortraitUpsideDown UIInterfaceOrientationLandscapeLeft UIInterfaceOrientationLandscapeRight";
				INFOPLIST_KEY_UISupportedInterfaceOrientations_iPhone = "UIInterfaceOrientationPortrait UIInterfaceOrientationLandscapeLeft UIInterfaceOrientationLandscapeRight";
				LD_RUNPATH_SEARCH_PATHS = (
					"$(inherited)",
					"@executable_path/Frameworks",
				);
				MARKETING_VERSION = 1.0;
				PRODUCT_BUNDLE_IDENTIFIER = com.jerry.SearchApp;
				PRODUCT_NAME = "$(TARGET_NAME)";
				SWIFT_EMIT_LOC_STRINGS = YES;
				SWIFT_VERSION = 5.0;
				TARGETED_DEVICE_FAMILY = "1,2";
			};
			name = Release;
		};
		0954BACF2B1DB8B7008B36AB /* Debug */ = {
			isa = XCBuildConfiguration;
			baseConfigurationReference = 0954BAD42B1DBCAA008B36AB /* Secret.xcconfig */;
			buildSettings = {
				ALWAYS_EMBED_SWIFT_STANDARD_LIBRARIES = YES;
				BUNDLE_LOADER = "$(TEST_HOST)";
				CODE_SIGN_STYLE = Automatic;
				CURRENT_PROJECT_VERSION = 1;
				DEVELOPMENT_TEAM = 44CVK5WU2L;
				GENERATE_INFOPLIST_FILE = YES;
				IPHONEOS_DEPLOYMENT_TARGET = 16.4;
				MARKETING_VERSION = 1.0;
				PRODUCT_BUNDLE_IDENTIFIER = com.jerry.SearchAppTests;
				PRODUCT_NAME = "$(TARGET_NAME)";
				SWIFT_EMIT_LOC_STRINGS = NO;
				SWIFT_VERSION = 5.0;
				TARGETED_DEVICE_FAMILY = "1,2";
				TEST_HOST = "$(BUILT_PRODUCTS_DIR)/SearchApp.app/$(BUNDLE_EXECUTABLE_FOLDER_PATH)/SearchApp";
			};
			name = Debug;
		};
		0954BAD02B1DB8B7008B36AB /* Release */ = {
			isa = XCBuildConfiguration;
			buildSettings = {
				ALWAYS_EMBED_SWIFT_STANDARD_LIBRARIES = YES;
				BUNDLE_LOADER = "$(TEST_HOST)";
				CODE_SIGN_STYLE = Automatic;
				CURRENT_PROJECT_VERSION = 1;
				DEVELOPMENT_TEAM = 44CVK5WU2L;
				GENERATE_INFOPLIST_FILE = YES;
				IPHONEOS_DEPLOYMENT_TARGET = 16.4;
				MARKETING_VERSION = 1.0;
				PRODUCT_BUNDLE_IDENTIFIER = com.jerry.SearchAppTests;
				PRODUCT_NAME = "$(TARGET_NAME)";
				SWIFT_EMIT_LOC_STRINGS = NO;
				SWIFT_VERSION = 5.0;
				TARGETED_DEVICE_FAMILY = "1,2";
				TEST_HOST = "$(BUILT_PRODUCTS_DIR)/SearchApp.app/$(BUNDLE_EXECUTABLE_FOLDER_PATH)/SearchApp";
			};
			name = Release;
		};
		0954BAD22B1DB8B7008B36AB /* Debug */ = {
			isa = XCBuildConfiguration;
			buildSettings = {
				ALWAYS_EMBED_SWIFT_STANDARD_LIBRARIES = YES;
				CODE_SIGN_STYLE = Automatic;
				CURRENT_PROJECT_VERSION = 1;
				DEVELOPMENT_TEAM = 44CVK5WU2L;
				GENERATE_INFOPLIST_FILE = YES;
				MARKETING_VERSION = 1.0;
				PRODUCT_BUNDLE_IDENTIFIER = com.jerry.SearchAppUITests;
				PRODUCT_NAME = "$(TARGET_NAME)";
				SWIFT_EMIT_LOC_STRINGS = NO;
				SWIFT_VERSION = 5.0;
				TARGETED_DEVICE_FAMILY = "1,2";
				TEST_TARGET_NAME = SearchApp;
			};
			name = Debug;
		};
		0954BAD32B1DB8B7008B36AB /* Release */ = {
			isa = XCBuildConfiguration;
			buildSettings = {
				ALWAYS_EMBED_SWIFT_STANDARD_LIBRARIES = YES;
				CODE_SIGN_STYLE = Automatic;
				CURRENT_PROJECT_VERSION = 1;
				DEVELOPMENT_TEAM = 44CVK5WU2L;
				GENERATE_INFOPLIST_FILE = YES;
				MARKETING_VERSION = 1.0;
				PRODUCT_BUNDLE_IDENTIFIER = com.jerry.SearchAppUITests;
				PRODUCT_NAME = "$(TARGET_NAME)";
				SWIFT_EMIT_LOC_STRINGS = NO;
				SWIFT_VERSION = 5.0;
				TARGETED_DEVICE_FAMILY = "1,2";
				TEST_TARGET_NAME = SearchApp;
			};
			name = Release;
		};
/* End XCBuildConfiguration section */

/* Begin XCConfigurationList section */
		0954BA992B1DB8B6008B36AB /* Build configuration list for PBXProject "SearchApp" */ = {
			isa = XCConfigurationList;
			buildConfigurations = (
				0954BAC92B1DB8B7008B36AB /* Debug */,
				0954BACA2B1DB8B7008B36AB /* Release */,
			);
			defaultConfigurationIsVisible = 0;
			defaultConfigurationName = Release;
		};
		0954BACB2B1DB8B7008B36AB /* Build configuration list for PBXNativeTarget "SearchApp" */ = {
			isa = XCConfigurationList;
			buildConfigurations = (
				0954BACC2B1DB8B7008B36AB /* Debug */,
				0954BACD2B1DB8B7008B36AB /* Release */,
			);
			defaultConfigurationIsVisible = 0;
			defaultConfigurationName = Release;
		};
		0954BACE2B1DB8B7008B36AB /* Build configuration list for PBXNativeTarget "SearchAppTests" */ = {
			isa = XCConfigurationList;
			buildConfigurations = (
				0954BACF2B1DB8B7008B36AB /* Debug */,
				0954BAD02B1DB8B7008B36AB /* Release */,
			);
			defaultConfigurationIsVisible = 0;
			defaultConfigurationName = Release;
		};
		0954BAD12B1DB8B7008B36AB /* Build configuration list for PBXNativeTarget "SearchAppUITests" */ = {
			isa = XCConfigurationList;
			buildConfigurations = (
				0954BAD22B1DB8B7008B36AB /* Debug */,
				0954BAD32B1DB8B7008B36AB /* Release */,
			);
			defaultConfigurationIsVisible = 0;
			defaultConfigurationName = Release;
		};
/* End XCConfigurationList section */

/* Begin XCVersionGroup section */
		0954BAAA2B1DB8B6008B36AB /* SearchApp.xcdatamodeld */ = {
			isa = XCVersionGroup;
			children = (
				0954BAAB2B1DB8B6008B36AB /* SearchApp.xcdatamodel */,
			);
			currentVersion = 0954BAAB2B1DB8B6008B36AB /* SearchApp.xcdatamodel */;
			path = SearchApp.xcdatamodeld;
			sourceTree = "<group>";
			versionGroupType = wrapper.xcdatamodel;
		};
/* End XCVersionGroup section */
	};
	rootObject = 0954BA962B1DB8B6008B36AB /* Project object */;
}
